
Microsoft Visual Studio Solution File, Format Version 12.00
# Visual Studio 15
VisualStudioVersion = 15.0.28010.2019
MinimumVisualStudioVersion = 10.0.40219.1
Project("{8BC9CEB8-8B4A-11D0-8D11-00A0C91BC942}") = "Norm_Markov_Algo", "Norm_Markov_Algo\Norm_Markov_Algo.vcxproj", "{E10725DA-610C-4363-9898-9F52871D49AB}"
EndProject
Global
	GlobalSection(SolutionConfigurationPlatforms) = preSolution
		Debug|x64 = Debug|x64
		Debug|x86 = Debug|x86
		Release|x64 = Release|x64
		Release|x86 = Release|x86
	EndGlobalSection
	GlobalSection(ProjectConfigurationPlatforms) = postSolution
		{E10725DA-610C-4363-9898-9F52871D49AB}.Debug|x64.ActiveCfg = Debug|x64
		{E10725DA-610C-4363-9898-9F52871D49AB}.Debug|x64.Build.0 = Debug|x64
		{E10725DA-610C-4363-9898-9F52871D49AB}.Debug|x86.ActiveCfg = Debug|Win32
		{E10725DA-610C-4363-9898-9F52871D49AB}.Debug|x86.Build.0 = Debug|Win32
		{E10725DA-610C-4363-9898-9F52871D49AB}.Release|x64.ActiveCfg = Release|x64
		{E10725DA-610C-4363-9898-9F52871D49AB}.Release|x64.Build.0 = Release|x64
		{E10725DA-610C-4363-9898-9F52871D49AB}.Release|x86.ActiveCfg = Release|Win32
		{E10725DA-610C-4363-9898-9F52871D49AB}.Release|x86.Build.0 = Release|Win32
	EndGlobalSection
	GlobalSection(SolutionProperties) = preSolution
		HideSolutionNode = FALSE
	EndGlobalSection
	GlobalSection(ExtensibilityGlobals) = postSolution
		SolutionGuid = {214C0AF6-2BCE-4859-94DF-24EE432723AD}
	EndGlobalSection
EndGlobal
